
Microsoft Visual Studio Solution File, Format Version 12.00
# Visual Studio 2012
Project("{FAE04EC0-301F-11D3-BF4B-00C04F79EFBC}") = "Caliburn.Micro.Coding4Fun", "Caliburn.Micro.Coding4Fun\Caliburn.Micro.Coding4Fun.csproj", "{1D096C13-FF45-4C43-9729-E48E8F56C237}"
EndProject
Project("{2150E333-8FDC-42A3-9474-1A3956D46DE8}") = ".nuget", ".nuget", "{ED91E1C3-8B6D-4E62-8A3C-154471BF5A78}"
	ProjectSection(SolutionItems) = preProject
		.nuget\NuGet.Config = .nuget\NuGet.Config
		.nuget\NuGet.exe = .nuget\NuGet.exe
		.nuget\NuGet.targets = .nuget\NuGet.targets
	EndProjectSection
EndProject
Project("{FAE04EC0-301F-11D3-BF4B-00C04F79EFBC}") = "Caliburn4Fun.Demo", "Caliburn4Fun.Demo\Caliburn4Fun.Demo.csproj", "{812113D7-2F3A-4B6F-8994-C575C568088A}"
EndProject
Global
	GlobalSection(SolutionConfigurationPlatforms) = preSolution
		Debug|Any CPU = Debug|Any CPU
		Debug|ARM = Debug|ARM
		Debug|x86 = Debug|x86
		Release|Any CPU = Release|Any CPU
		Release|ARM = Release|ARM
		Release|x86 = Release|x86
	EndGlobalSection
	GlobalSection(ProjectConfigurationPlatforms) = postSolution
		{1D096C13-FF45-4C43-9729-E48E8F56C237}.Debug|Any CPU.ActiveCfg = Debug|Any CPU
		{1D096C13-FF45-4C43-9729-E48E8F56C237}.Debug|Any CPU.Build.0 = Debug|Any CPU
		{1D096C13-FF45-4C43-9729-E48E8F56C237}.Debug|ARM.ActiveCfg = Debug|ARM
		{1D096C13-FF45-4C43-9729-E48E8F56C237}.Debug|ARM.Build.0 = Debug|ARM
		{1D096C13-FF45-4C43-9729-E48E8F56C237}.Debug|x86.ActiveCfg = Debug|x86
		{1D096C13-FF45-4C43-9729-E48E8F56C237}.Debug|x86.Build.0 = Debug|x86
		{1D096C13-FF45-4C43-9729-E48E8F56C237}.Release|Any CPU.ActiveCfg = Release|Any CPU
		{1D096C13-FF45-4C43-9729-E48E8F56C237}.Release|Any CPU.Build.0 = Release|Any CPU
		{1D096C13-FF45-4C43-9729-E48E8F56C237}.Release|ARM.ActiveCfg = Release|ARM
		{1D096C13-FF45-4C43-9729-E48E8F56C237}.Release|ARM.Build.0 = Release|ARM
		{1D096C13-FF45-4C43-9729-E48E8F56C237}.Release|x86.ActiveCfg = Release|x86
		{1D096C13-FF45-4C43-9729-E48E8F56C237}.Release|x86.Build.0 = Release|x86
		{812113D7-2F3A-4B6F-8994-C575C568088A}.Debug|Any CPU.ActiveCfg = Debug|Any CPU
		{812113D7-2F3A-4B6F-8994-C575C568088A}.Debug|Any CPU.Build.0 = Debug|Any CPU
		{812113D7-2F3A-4B6F-8994-C575C568088A}.Debug|Any CPU.Deploy.0 = Debug|Any CPU
		{812113D7-2F3A-4B6F-8994-C575C568088A}.Debug|ARM.ActiveCfg = Debug|ARM
		{812113D7-2F3A-4B6F-8994-C575C568088A}.Debug|ARM.Build.0 = Debug|ARM
		{812113D7-2F3A-4B6F-8994-C575C568088A}.Debug|ARM.Deploy.0 = Debug|ARM
		{812113D7-2F3A-4B6F-8994-C575C568088A}.Debug|x86.ActiveCfg = Debug|x86
		{812113D7-2F3A-4B6F-8994-C575C568088A}.Debug|x86.Build.0 = Debug|x86
		{812113D7-2F3A-4B6F-8994-C575C568088A}.Debug|x86.Deploy.0 = Debug|x86
		{812113D7-2F3A-4B6F-8994-C575C568088A}.Release|Any CPU.ActiveCfg = Release|Any CPU
		{812113D7-2F3A-4B6F-8994-C575C568088A}.Release|Any CPU.Build.0 = Release|Any CPU
		{812113D7-2F3A-4B6F-8994-C575C568088A}.Release|Any CPU.Deploy.0 = Release|Any CPU
		{812113D7-2F3A-4B6F-8994-C575C568088A}.Release|ARM.ActiveCfg = Release|ARM
		{812113D7-2F3A-4B6F-8994-C575C568088A}.Release|ARM.Build.0 = Release|ARM
		{812113D7-2F3A-4B6F-8994-C575C568088A}.Release|ARM.Deploy.0 = Release|ARM
		{812113D7-2F3A-4B6F-8994-C575C568088A}.Release|x86.ActiveCfg = Release|x86
		{812113D7-2F3A-4B6F-8994-C575C568088A}.Release|x86.Build.0 = Release|x86
		{812113D7-2F3A-4B6F-8994-C575C568088A}.Release|x86.Deploy.0 = Release|x86
	EndGlobalSection
	GlobalSection(SolutionProperties) = preSolution
		HideSolutionNode = FALSE
	EndGlobalSection
EndGlobal
